<Solution>
  <Folder Name="/Solution Items/">
    <File Path="Linq2Dashboard-concept.md" />
    <File Path="Linq2Dashboard-design.md" />
    <File Path="README.md" />
  </Folder>
  <Folder Name="/src/">
    <Project Path="src/Linq2Dashboard/Linq2Dashboard.csproj" />
  </Folder>
  <Folder Name="/tests/">
    <Project Path="tests/Linq2Dashboard.Tests/Linq2Dashboard.Tests.csproj" />
  </Folder>
  <Folder Name="/benchmarks/">
    <Project Path="benchmarks/Linq2Dashboard.Benchmarks/Linq2Dashboard.Benchmarks.csproj" />
  </Folder>
</Solution>
